Microsoft Visual Studio Solution File, Format Version 12.00
# Visual Studio 2012
Project("{FAE04EC0-301F-11D3-BF4B-00C04F79EFBC}") = "Drones3", "Drones3.csproj", "{F32F3284-DBB7-44E9-9917-4D4A9B7F3390}"
EndProject
Global
	GlobalSection(SolutionConfigurationPlatforms) = preSolution
	Debug|Any CPU = Debug|Any CPU
	ExportDebug|Any CPU = ExportDebug|Any CPU
	ExportRelease|Any CPU = ExportRelease|Any CPU
	EndGlobalSection
	GlobalSection(ProjectConfigurationPlatforms) = postSolution
		{F32F3284-DBB7-44E9-9917-4D4A9B7F3390}.Debug|Any CPU.ActiveCfg = Debug|Any CPU
		{F32F3284-DBB7-44E9-9917-4D4A9B7F3390}.Debug|Any CPU.Build.0 = Debug|Any CPU
		{F32F3284-DBB7-44E9-9917-4D4A9B7F3390}.ExportDebug|Any CPU.ActiveCfg = ExportDebug|Any CPU
		{F32F3284-DBB7-44E9-9917-4D4A9B7F3390}.ExportDebug|Any CPU.Build.0 = ExportDebug|Any CPU
		{F32F3284-DBB7-44E9-9917-4D4A9B7F3390}.ExportRelease|Any CPU.ActiveCfg = ExportRelease|Any CPU
		{F32F3284-DBB7-44E9-9917-4D4A9B7F3390}.ExportRelease|Any CPU.Build.0 = ExportRelease|Any CPU
	EndGlobalSection
EndGlobal
